// !$*UTF8*$!
{
	archiveVersion = 1;
	classes = {
	};
	objectVersion = 70;
	objects = {

/* Begin PBXBuildFile section */
		7852F5972CC700B6002843FA /* LoginViewController.swift in Sources */ = {isa = PBXBuildFile; fileRef = 7852F5962CC700B6002843FA /* LoginViewController.swift */; };
		7852F59F2CC70884002843FA /* GoogleService-Info.plist in Resources */ = {isa = PBXBuildFile; fileRef = 7852F59E2CC70884002843FA /* GoogleService-Info.plist */; };
		7852F5A22CC70929002843FA /* FirebaseAuth in Frameworks */ = {isa = PBXBuildFile; productRef = 7852F5A12CC70929002843FA /* FirebaseAuth */; };
		8A0684D72CA734B700730264 /* AppDelegate.swift in Sources */ = {isa = PBXBuildFile; fileRef = 8A0684D62CA734B700730264 /* AppDelegate.swift */; };
		8A0684D92CA734B700730264 /* SceneDelegate.swift in Sources */ = {isa = PBXBuildFile; fileRef = 8A0684D82CA734B700730264 /* SceneDelegate.swift */; };
		8A0684DB2CA734B700730264 /* ViewController.swift in Sources */ = {isa = PBXBuildFile; fileRef = 8A0684DA2CA734B700730264 /* ViewController.swift */; };
		8A0684DE2CA734B700730264 /* Main.storyboard in Resources */ = {isa = PBXBuildFile; fileRef = 8A0684DC2CA734B700730264 /* Main.storyboard */; };
		8A0684E02CA734BB00730264 /* Assets.xcassets in Resources */ = {isa = PBXBuildFile; fileRef = 8A0684DF2CA734BB00730264 /* Assets.xcassets */; };
		8A0684E32CA734BB00730264 /* LaunchScreen.storyboard in Resources */ = {isa = PBXBuildFile; fileRef = 8A0684E12CA734BB00730264 /* LaunchScreen.storyboard */; };
		B2294E5B2CC23E8200F0005B /* RegisterViewController.swift in Sources */ = {isa = PBXBuildFile; fileRef = B2294E5A2CC23E8200F0005B /* RegisterViewController.swift */; };
		B2294E5D2CC23EB500F0005B /* HomeViewController.swift in Sources */ = {isa = PBXBuildFile; fileRef = B2294E5C2CC23EB500F0005B /* HomeViewController.swift */; };
		B2294E5F2CC23EE800F0005B /* MedicalHistoryViewController.swift in Sources */ = {isa = PBXBuildFile; fileRef = B2294E5E2CC23EE800F0005B /* MedicalHistoryViewController.swift */; };
		B2294E612CC23EF600F0005B /* PetInfoViewController.swift in Sources */ = {isa = PBXBuildFile; fileRef = B2294E602CC23EF600F0005B /* PetInfoViewController.swift */; };
		B2294E632CC23F0B00F0005B /* PetProfileSettingViewController.swift in Sources */ = {isa = PBXBuildFile; fileRef = B2294E622CC23F0B00F0005B /* PetProfileSettingViewController.swift */; };
		B2294E652CC23F1B00F0005B /* ProfileCreationViewController.swift in Sources */ = {isa = PBXBuildFile; fileRef = B2294E642CC23F1B00F0005B /* ProfileCreationViewController.swift */; };
		B2294E672CC23F3100F0005B /* VaccinationsViewController.swift in Sources */ = {isa = PBXBuildFile; fileRef = B2294E662CC23F3100F0005B /* VaccinationsViewController.swift */; };
		B2294E692CC23F3900F0005B /* AllergiesViewController.swift in Sources */ = {isa = PBXBuildFile; fileRef = B2294E682CC23F3900F0005B /* AllergiesViewController.swift */; };
		B2294E6B2CC23F4100F0005B /* NotificationHistoryViewController.swift in Sources */ = {isa = PBXBuildFile; fileRef = B2294E6A2CC23F4100F0005B /* NotificationHistoryViewController.swift */; };
		B2294E6D2CC23F5600F0005B /* TreatmentsViewController.swift in Sources */ = {isa = PBXBuildFile; fileRef = B2294E6C2CC23F5600F0005B /* TreatmentsViewController.swift */; };
		B2294E6F2CC23F6200F0005B /* CalendarEditViewController.swift in Sources */ = {isa = PBXBuildFile; fileRef = B2294E6E2CC23F6200F0005B /* CalendarEditViewController.swift */; };
		B2294E712CC23F6900F0005B /* CalendarViewController.swift in Sources */ = {isa = PBXBuildFile; fileRef = B2294E702CC23F6900F0005B /* CalendarViewController.swift */; };
		B2294E732CC23F7400F0005B /* NotificationSettingsViewController.swift in Sources */ = {isa = PBXBuildFile; fileRef = B2294E722CC23F7400F0005B /* NotificationSettingsViewController.swift */; };
		B2294E752CC23F8200F0005B /* ChangeCredentialViewController.swift in Sources */ = {isa = PBXBuildFile; fileRef = B2294E742CC23F8200F0005B /* ChangeCredentialViewController.swift */; };
		B2294E772CC23F8700F0005B /* SettingViewController.swift in Sources */ = {isa = PBXBuildFile; fileRef = B2294E762CC23F8700F0005B /* SettingViewController.swift */; };
		B2294E792CC23F8E00F0005B /* UserInfoViewController.swift in Sources */ = {isa = PBXBuildFile; fileRef = B2294E782CC23F8E00F0005B /* UserInfoViewController.swift */; };
		B2294E7B2CC23F9400F0005B /* JournalViewController.swift in Sources */ = {isa = PBXBuildFile; fileRef = B2294E7A2CC23F9400F0005B /* JournalViewController.swift */; };
		B2294E7D2CC23F9B00F0005B /* JournalEditViewController.swift in Sources */ = {isa = PBXBuildFile; fileRef = B2294E7C2CC23F9B00F0005B /* JournalEditViewController.swift */; };
		B2294E7F2CC23FA900F0005B /* DisplayModeViewController.swift in Sources */ = {isa = PBXBuildFile; fileRef = B2294E7E2CC23FA900F0005B /* DisplayModeViewController.swift */; };
		B28CDBB02CC2350700D36E70 /* Launch Screen.storyboard in Resources */ = {isa = PBXBuildFile; fileRef = B28CDBAF2CC2350700D36E70 /* Launch Screen.storyboard */; };
/* End PBXBuildFile section */

/* Begin PBXFileReference section */
		7852F5962CC700B6002843FA /* LoginViewController.swift */ = {isa = PBXFileReference; lastKnownFileType = sourcecode.swift; path = LoginViewController.swift; sourceTree = "<group>"; };
		7852F59E2CC70884002843FA /* GoogleService-Info.plist */ = {isa = PBXFileReference; lastKnownFileType = text.plist.xml; path = "GoogleService-Info.plist"; sourceTree = "<group>"; };
		8A0684D32CA734B700730264 /* Petpanion.app */ = {isa = PBXFileReference; explicitFileType = wrapper.application; includeInIndex = 0; path = Petpanion.app; sourceTree = BUILT_PRODUCTS_DIR; };
		8A0684D62CA734B700730264 /* AppDelegate.swift */ = {isa = PBXFileReference; lastKnownFileType = sourcecode.swift; path = AppDelegate.swift; sourceTree = "<group>"; };
		8A0684D82CA734B700730264 /* SceneDelegate.swift */ = {isa = PBXFileReference; lastKnownFileType = sourcecode.swift; path = SceneDelegate.swift; sourceTree = "<group>"; };
		8A0684DA2CA734B700730264 /* ViewController.swift */ = {isa = PBXFileReference; lastKnownFileType = sourcecode.swift; path = ViewController.swift; sourceTree = "<group>"; };
		8A0684DD2CA734B700730264 /* Base */ = {isa = PBXFileReference; lastKnownFileType = file.storyboard; name = Base; path = Base.lproj/Main.storyboard; sourceTree = "<group>"; };
		8A0684DF2CA734BB00730264 /* Assets.xcassets */ = {isa = PBXFileReference; lastKnownFileType = folder.assetcatalog; path = Assets.xcassets; sourceTree = "<group>"; };
		8A0684E22CA734BB00730264 /* Base */ = {isa = PBXFileReference; lastKnownFileType = file.storyboard; name = Base; path = Base.lproj/LaunchScreen.storyboard; sourceTree = "<group>"; };
		8A0684E42CA734BB00730264 /* Info.plist */ = {isa = PBXFileReference; lastKnownFileType = text.plist.xml; path = Info.plist; sourceTree = "<group>"; };
		B2294E5A2CC23E8200F0005B /* RegisterViewController.swift */ = {isa = PBXFileReference; lastKnownFileType = sourcecode.swift; path = RegisterViewController.swift; sourceTree = "<group>"; };
		B2294E5C2CC23EB500F0005B /* HomeViewController.swift */ = {isa = PBXFileReference; lastKnownFileType = sourcecode.swift; path = HomeViewController.swift; sourceTree = "<group>"; };
		B2294E5E2CC23EE800F0005B /* MedicalHistoryViewController.swift */ = {isa = PBXFileReference; lastKnownFileType = sourcecode.swift; path = MedicalHistoryViewController.swift; sourceTree = "<group>"; };
		B2294E602CC23EF600F0005B /* PetInfoViewController.swift */ = {isa = PBXFileReference; lastKnownFileType = sourcecode.swift; path = PetInfoViewController.swift; sourceTree = "<group>"; };
		B2294E622CC23F0B00F0005B /* PetProfileSettingViewController.swift */ = {isa = PBXFileReference; lastKnownFileType = sourcecode.swift; path = PetProfileSettingViewController.swift; sourceTree = "<group>"; };
		B2294E642CC23F1B00F0005B /* ProfileCreationViewController.swift */ = {isa = PBXFileReference; lastKnownFileType = sourcecode.swift; path = ProfileCreationViewController.swift; sourceTree = "<group>"; };
		B2294E662CC23F3100F0005B /* VaccinationsViewController.swift */ = {isa = PBXFileReference; lastKnownFileType = sourcecode.swift; path = VaccinationsViewController.swift; sourceTree = "<group>"; };
		B2294E682CC23F3900F0005B /* AllergiesViewController.swift */ = {isa = PBXFileReference; lastKnownFileType = sourcecode.swift; path = AllergiesViewController.swift; sourceTree = "<group>"; };
		B2294E6A2CC23F4100F0005B /* NotificationHistoryViewController.swift */ = {isa = PBXFileReference; lastKnownFileType = sourcecode.swift; path = NotificationHistoryViewController.swift; sourceTree = "<group>"; };
		B2294E6C2CC23F5600F0005B /* TreatmentsViewController.swift */ = {isa = PBXFileReference; lastKnownFileType = sourcecode.swift; path = TreatmentsViewController.swift; sourceTree = "<group>"; };
		B2294E6E2CC23F6200F0005B /* CalendarEditViewController.swift */ = {isa = PBXFileReference; lastKnownFileType = sourcecode.swift; path = CalendarEditViewController.swift; sourceTree = "<group>"; };
		B2294E702CC23F6900F0005B /* CalendarViewController.swift */ = {isa = PBXFileReference; lastKnownFileType = sourcecode.swift; path = CalendarViewController.swift; sourceTree = "<group>"; };
		B2294E722CC23F7400F0005B /* NotificationSettingsViewController.swift */ = {isa = PBXFileReference; lastKnownFileType = sourcecode.swift; path = NotificationSettingsViewController.swift; sourceTree = "<group>"; };
		B2294E742CC23F8200F0005B /* ChangeCredentialViewController.swift */ = {isa = PBXFileReference; lastKnownFileType = sourcecode.swift; path = ChangeCredentialViewController.swift; sourceTree = "<group>"; };
		B2294E762CC23F8700F0005B /* SettingViewController.swift */ = {isa = PBXFileReference; lastKnownFileType = sourcecode.swift; path = SettingViewController.swift; sourceTree = "<group>"; };
		B2294E782CC23F8E00F0005B /* UserInfoViewController.swift */ = {isa = PBXFileReference; lastKnownFileType = sourcecode.swift; path = UserInfoViewController.swift; sourceTree = "<group>"; };
		B2294E7A2CC23F9400F0005B /* JournalViewController.swift */ = {isa = PBXFileReference; lastKnownFileType = sourcecode.swift; path = JournalViewController.swift; sourceTree = "<group>"; };
		B2294E7C2CC23F9B00F0005B /* JournalEditViewController.swift */ = {isa = PBXFileReference; lastKnownFileType = sourcecode.swift; path = JournalEditViewController.swift; sourceTree = "<group>"; };
		B2294E7E2CC23FA900F0005B /* DisplayModeViewController.swift */ = {isa = PBXFileReference; lastKnownFileType = sourcecode.swift; path = DisplayModeViewController.swift; sourceTree = "<group>"; };
		B28CDBAF2CC2350700D36E70 /* Launch Screen.storyboard */ = {isa = PBXFileReference; lastKnownFileType = file.storyboard; path = "Launch Screen.storyboard"; sourceTree = "<group>"; };
/* End PBXFileReference section */

/* Begin PBXFileSystemSynchronizedRootGroup section */
		7802FD632CC6F782001B469C /* Fonts */ = {isa = PBXFileSystemSynchronizedRootGroup; explicitFileTypes = {}; explicitFolders = (); path = Fonts; sourceTree = "<group>"; };
/* End PBXFileSystemSynchronizedRootGroup section */

/* Begin PBXFrameworksBuildPhase section */
		8A0684D02CA734B700730264 /* Frameworks */ = {
			isa = PBXFrameworksBuildPhase;
			buildActionMask = 2147483647;
			files = (
				7852F5A22CC70929002843FA /* FirebaseAuth in Frameworks */,
			);
			runOnlyForDeploymentPostprocessing = 0;
		};
/* End PBXFrameworksBuildPhase section */

/* Begin PBXGroup section */
		8A0684CA2CA734B700730264 = {
			isa = PBXGroup;
			children = (
				8A0684D52CA734B700730264 /* Petpanion */,
				8A0684D42CA734B700730264 /* Products */,
			);
			sourceTree = "<group>";
		};
		8A0684D42CA734B700730264 /* Products */ = {
			isa = PBXGroup;
			children = (
				8A0684D32CA734B700730264 /* Petpanion.app */,
			);
			name = Products;
			sourceTree = "<group>";
		};
		8A0684D52CA734B700730264 /* Petpanion */ = {
			isa = PBXGroup;
			children = (
				7802FD632CC6F782001B469C /* Fonts */,
				8A0684DC2CA734B700730264 /* Main.storyboard */,
				8A0684D62CA734B700730264 /* AppDelegate.swift */,
				8A0684D82CA734B700730264 /* SceneDelegate.swift */,
				8A0684DA2CA734B700730264 /* ViewController.swift */,
				7852F5962CC700B6002843FA /* LoginViewController.swift */,
				B2294E5A2CC23E8200F0005B /* RegisterViewController.swift */,
				B2294E5C2CC23EB500F0005B /* HomeViewController.swift */,
				B2294E5E2CC23EE800F0005B /* MedicalHistoryViewController.swift */,
				B2294E602CC23EF600F0005B /* PetInfoViewController.swift */,
				B2294E622CC23F0B00F0005B /* PetProfileSettingViewController.swift */,
				B2294E642CC23F1B00F0005B /* ProfileCreationViewController.swift */,
				B2294E662CC23F3100F0005B /* VaccinationsViewController.swift */,
				B2294E682CC23F3900F0005B /* AllergiesViewController.swift */,
				B2294E6A2CC23F4100F0005B /* NotificationHistoryViewController.swift */,
				B2294E6C2CC23F5600F0005B /* TreatmentsViewController.swift */,
				B2294E6E2CC23F6200F0005B /* CalendarEditViewController.swift */,
				B2294E702CC23F6900F0005B /* CalendarViewController.swift */,
				B2294E722CC23F7400F0005B /* NotificationSettingsViewController.swift */,
				B2294E742CC23F8200F0005B /* ChangeCredentialViewController.swift */,
				B2294E762CC23F8700F0005B /* SettingViewController.swift */,
				B2294E782CC23F8E00F0005B /* UserInfoViewController.swift */,
				B2294E7A2CC23F9400F0005B /* JournalViewController.swift */,
				B2294E7C2CC23F9B00F0005B /* JournalEditViewController.swift */,
				B2294E7E2CC23FA900F0005B /* DisplayModeViewController.swift */,
				B28CDBAF2CC2350700D36E70 /* Launch Screen.storyboard */,
				8A0684DF2CA734BB00730264 /* Assets.xcassets */,
				8A0684E12CA734BB00730264 /* LaunchScreen.storyboard */,
				8A0684E42CA734BB00730264 /* Info.plist */,
				7852F59E2CC70884002843FA /* GoogleService-Info.plist */,
			);
			path = Petpanion;
			sourceTree = "<group>";
		};
/* End PBXGroup section */

/* Begin PBXNativeTarget section */
		8A0684D22CA734B700730264 /* Petpanion */ = {
			isa = PBXNativeTarget;
			buildConfigurationList = 8A0684E72CA734BB00730264 /* Build configuration list for PBXNativeTarget "Petpanion" */;
			buildPhases = (
				8A0684CF2CA734B700730264 /* Sources */,
				8A0684D02CA734B700730264 /* Frameworks */,
				8A0684D12CA734B700730264 /* Resources */,
			);
			buildRules = (
			);
			dependencies = (
			);
			fileSystemSynchronizedGroups = (
				7802FD632CC6F782001B469C /* Fonts */,
			);
			name = Petpanion;
			productName = Petpanion;
			productReference = 8A0684D32CA734B700730264 /* Petpanion.app */;
			productType = "com.apple.product-type.application";
		};
/* End PBXNativeTarget section */

/* Begin PBXProject section */
		8A0684CB2CA734B700730264 /* Project object */ = {
			isa = PBXProject;
			attributes = {
				BuildIndependentTargetsInParallel = 1;
				LastSwiftUpdateCheck = 1420;
				LastUpgradeCheck = 1420;
				TargetAttributes = {
					8A0684D22CA734B700730264 = {
						CreatedOnToolsVersion = 14.2;
					};
				};
			};
			buildConfigurationList = 8A0684CE2CA734B700730264 /* Build configuration list for PBXProject "Petpanion" */;
			compatibilityVersion = "Xcode 14.0";
			developmentRegion = en;
			hasScannedForEncodings = 0;
			knownRegions = (
				en,
				Base,
			);
			mainGroup = 8A0684CA2CA734B700730264;
			packageReferences = (
				7852F5A02CC70929002843FA /* XCRemoteSwiftPackageReference "firebase-ios-sdk" */,
			);
			productRefGroup = 8A0684D42CA734B700730264 /* Products */;
			projectDirPath = "";
			projectRoot = "";
			targets = (
				8A0684D22CA734B700730264 /* Petpanion */,
			);
		};
/* End PBXProject section */

/* Begin PBXResourcesBuildPhase section */
		8A0684D12CA734B700730264 /* Resources */ = {
			isa = PBXResourcesBuildPhase;
			buildActionMask = 2147483647;
			files = (
				7852F59F2CC70884002843FA /* GoogleService-Info.plist in Resources */,
				8A0684E32CA734BB00730264 /* LaunchScreen.storyboard in Resources */,
				8A0684E02CA734BB00730264 /* Assets.xcassets in Resources */,
				B28CDBB02CC2350700D36E70 /* Launch Screen.storyboard in Resources */,
				8A0684DE2CA734B700730264 /* Main.storyboard in Resources */,
			);
			runOnlyForDeploymentPostprocessing = 0;
		};
/* End PBXResourcesBuildPhase section */

/* Begin PBXSourcesBuildPhase section */
		8A0684CF2CA734B700730264 /* Sources */ = {
			isa = PBXSourcesBuildPhase;
			buildActionMask = 2147483647;
			files = (
				B2294E712CC23F6900F0005B /* CalendarViewController.swift in Sources */,
				B2294E5D2CC23EB500F0005B /* HomeViewController.swift in Sources */,
				8A0684DB2CA734B700730264 /* ViewController.swift in Sources */,
				7852F5972CC700B6002843FA /* LoginViewController.swift in Sources */,
				B2294E692CC23F3900F0005B /* AllergiesViewController.swift in Sources */,
				B2294E7B2CC23F9400F0005B /* JournalViewController.swift in Sources */,
				B2294E7D2CC23F9B00F0005B /* JournalEditViewController.swift in Sources */,
				B2294E672CC23F3100F0005B /* VaccinationsViewController.swift in Sources */,
				B2294E772CC23F8700F0005B /* SettingViewController.swift in Sources */,
				B2294E752CC23F8200F0005B /* ChangeCredentialViewController.swift in Sources */,
				8A0684D72CA734B700730264 /* AppDelegate.swift in Sources */,
				8A0684D92CA734B700730264 /* SceneDelegate.swift in Sources */,
				B2294E5B2CC23E8200F0005B /* RegisterViewController.swift in Sources */,
				B2294E5F2CC23EE800F0005B /* MedicalHistoryViewController.swift in Sources */,
				B2294E652CC23F1B00F0005B /* ProfileCreationViewController.swift in Sources */,
				B2294E732CC23F7400F0005B /* NotificationSettingsViewController.swift in Sources */,
				B2294E612CC23EF600F0005B /* PetInfoViewController.swift in Sources */,
				B2294E6F2CC23F6200F0005B /* CalendarEditViewController.swift in Sources */,
				B2294E6D2CC23F5600F0005B /* TreatmentsViewController.swift in Sources */,
				B2294E7F2CC23FA900F0005B /* DisplayModeViewController.swift in Sources */,
				B2294E6B2CC23F4100F0005B /* NotificationHistoryViewController.swift in Sources */,
				B2294E632CC23F0B00F0005B /* PetProfileSettingViewController.swift in Sources */,
				B2294E792CC23F8E00F0005B /* UserInfoViewController.swift in Sources */,
			);
			runOnlyForDeploymentPostprocessing = 0;
		};
/* End PBXSourcesBuildPhase section */

/* Begin PBXVariantGroup section */
		8A0684DC2CA734B700730264 /* Main.storyboard */ = {
			isa = PBXVariantGroup;
			children = (
				8A0684DD2CA734B700730264 /* Base */,
			);
			name = Main.storyboard;
			sourceTree = "<group>";
		};
		8A0684E12CA734BB00730264 /* LaunchScreen.storyboard */ = {
			isa = PBXVariantGroup;
			children = (
				8A0684E22CA734BB00730264 /* Base */,
			);
			name = LaunchScreen.storyboard;
			sourceTree = "<group>";
		};
/* End PBXVariantGroup section */

/* Begin XCBuildConfiguration section */
		8A0684E52CA734BB00730264 /* Debug */ = {
			isa = XCBuildConfiguration;
			buildSettings = {
				ALWAYS_SEARCH_USER_PATHS = NO;
				CLANG_ANALYZER_NONNULL = YES;
				CLANG_ANALYZER_NUMBER_OBJECT_CONVERSION = YES_AGGRESSIVE;
				CLANG_CXX_LANGUAGE_STANDARD = "gnu++20";
				CLANG_ENABLE_MODULES = YES;
				CLANG_ENABLE_OBJC_ARC = YES;
				CLANG_ENABLE_OBJC_WEAK = YES;
				CLANG_WARN_BLOCK_CAPTURE_AUTORELEASING = YES;
				CLANG_WARN_BOOL_CONVERSION = YES;
				CLANG_WARN_COMMA = YES;
				CLANG_WARN_CONSTANT_CONVERSION = YES;
				CLANG_WARN_DEPRECATED_OBJC_IMPLEMENTATIONS = YES;
				CLANG_WARN_DIRECT_OBJC_ISA_USAGE = YES_ERROR;
				CLANG_WARN_DOCUMENTATION_COMMENTS = YES;
				CLANG_WARN_EMPTY_BODY = YES;
				CLANG_WARN_ENUM_CONVERSION = YES;
				CLANG_WARN_INFINITE_RECURSION = YES;
				CLANG_WARN_INT_CONVERSION = YES;
				CLANG_WARN_NON_LITERAL_NULL_CONVERSION = YES;
				CLANG_WARN_OBJC_IMPLICIT_RETAIN_SELF = YES;
				CLANG_WARN_OBJC_LITERAL_CONVERSION = YES;
				CLANG_WARN_OBJC_ROOT_CLASS = YES_ERROR;
				CLANG_WARN_QUOTED_INCLUDE_IN_FRAMEWORK_HEADER = YES;
				CLANG_WARN_RANGE_LOOP_ANALYSIS = YES;
				CLANG_WARN_STRICT_PROTOTYPES = YES;
				CLANG_WARN_SUSPICIOUS_MOVE = YES;
				CLANG_WARN_UNGUARDED_AVAILABILITY = YES_AGGRESSIVE;
				CLANG_WARN_UNREACHABLE_CODE = YES;
				CLANG_WARN__DUPLICATE_METHOD_MATCH = YES;
				COPY_PHASE_STRIP = NO;
				DEBUG_INFORMATION_FORMAT = dwarf;
				ENABLE_STRICT_OBJC_MSGSEND = YES;
				ENABLE_TESTABILITY = YES;
				GCC_C_LANGUAGE_STANDARD = gnu11;
				GCC_DYNAMIC_NO_PIC = NO;
				GCC_NO_COMMON_BLOCKS = YES;
				GCC_OPTIMIZATION_LEVEL = 0;
				GCC_PREPROCESSOR_DEFINITIONS = (
					"DEBUG=1",
					"$(inherited)",
				);
				GCC_WARN_64_TO_32_BIT_CONVERSION = YES;
				GCC_WARN_ABOUT_RETURN_TYPE = YES_ERROR;
				GCC_WARN_UNDECLARED_SELECTOR = YES;
				GCC_WARN_UNINITIALIZED_AUTOS = YES_AGGRESSIVE;
				GCC_WARN_UNUSED_FUNCTION = YES;
				GCC_WARN_UNUSED_VARIABLE = YES;
				IPHONEOS_DEPLOYMENT_TARGET = 16.2;
				MTL_ENABLE_DEBUG_INFO = INCLUDE_SOURCE;
				MTL_FAST_MATH = YES;
				ONLY_ACTIVE_ARCH = YES;
				SDKROOT = iphoneos;
				SWIFT_ACTIVE_COMPILATION_CONDITIONS = DEBUG;
				SWIFT_OPTIMIZATION_LEVEL = "-Onone";
			};
			name = Debug;
		};
		8A0684E62CA734BB00730264 /* Release */ = {
			isa = XCBuildConfiguration;
			buildSettings = {
				ALWAYS_SEARCH_USER_PATHS = NO;
				CLANG_ANALYZER_NONNULL = YES;
				CLANG_ANALYZER_NUMBER_OBJECT_CONVERSION = YES_AGGRESSIVE;
				CLANG_CXX_LANGUAGE_STANDARD = "gnu++20";
				CLANG_ENABLE_MODULES = YES;
				CLANG_ENABLE_OBJC_ARC = YES;
				CLANG_ENABLE_OBJC_WEAK = YES;
				CLANG_WARN_BLOCK_CAPTURE_AUTORELEASING = YES;
				CLANG_WARN_BOOL_CONVERSION = YES;
				CLANG_WARN_COMMA = YES;
				CLANG_WARN_CONSTANT_CONVERSION = YES;
				CLANG_WARN_DEPRECATED_OBJC_IMPLEMENTATIONS = YES;
				CLANG_WARN_DIRECT_OBJC_ISA_USAGE = YES_ERROR;
				CLANG_WARN_DOCUMENTATION_COMMENTS = YES;
				CLANG_WARN_EMPTY_BODY = YES;
				CLANG_WARN_ENUM_CONVERSION = YES;
				CLANG_WARN_INFINITE_RECURSION = YES;
				CLANG_WARN_INT_CONVERSION = YES;
				CLANG_WARN_NON_LITERAL_NULL_CONVERSION = YES;
				CLANG_WARN_OBJC_IMPLICIT_RETAIN_SELF = YES;
				CLANG_WARN_OBJC_LITERAL_CONVERSION = YES;
				CLANG_WARN_OBJC_ROOT_CLASS = YES_ERROR;
				CLANG_WARN_QUOTED_INCLUDE_IN_FRAMEWORK_HEADER = YES;
				CLANG_WARN_RANGE_LOOP_ANALYSIS = YES;
				CLANG_WARN_STRICT_PROTOTYPES = YES;
				CLANG_WARN_SUSPICIOUS_MOVE = YES;
				CLANG_WARN_UNGUARDED_AVAILABILITY = YES_AGGRESSIVE;
				CLANG_WARN_UNREACHABLE_CODE = YES;
				CLANG_WARN__DUPLICATE_METHOD_MATCH = YES;
				COPY_PHASE_STRIP = NO;
				DEBUG_INFORMATION_FORMAT = "dwarf-with-dsym";
				ENABLE_NS_ASSERTIONS = NO;
				ENABLE_STRICT_OBJC_MSGSEND = YES;
				GCC_C_LANGUAGE_STANDARD = gnu11;
				GCC_NO_COMMON_BLOCKS = YES;
				GCC_WARN_64_TO_32_BIT_CONVERSION = YES;
				GCC_WARN_ABOUT_RETURN_TYPE = YES_ERROR;
				GCC_WARN_UNDECLARED_SELECTOR = YES;
				GCC_WARN_UNINITIALIZED_AUTOS = YES_AGGRESSIVE;
				GCC_WARN_UNUSED_FUNCTION = YES;
				GCC_WARN_UNUSED_VARIABLE = YES;
				IPHONEOS_DEPLOYMENT_TARGET = 16.2;
				MTL_ENABLE_DEBUG_INFO = NO;
				MTL_FAST_MATH = YES;
				SDKROOT = iphoneos;
				SWIFT_COMPILATION_MODE = wholemodule;
				SWIFT_OPTIMIZATION_LEVEL = "-O";
				VALIDATE_PRODUCT = YES;
			};
			name = Release;
		};
		8A0684E82CA734BB00730264 /* Debug */ = {
			isa = XCBuildConfiguration;
			buildSettings = {
				ASSETCATALOG_COMPILER_APPICON_NAME = AppIcon;
				ASSETCATALOG_COMPILER_GLOBAL_ACCENT_COLOR_NAME = AccentColor;
				CODE_SIGN_STYLE = Automatic;
				CURRENT_PROJECT_VERSION = 1;
				DEVELOPMENT_TEAM = 95RN3XBQJV;
				"DYLIB_COMPATIBILITY_VERSION[sdk=*]" = "";
				GENERATE_INFOPLIST_FILE = YES;
				INFOPLIST_FILE = Petpanion/Info.plist;
				INFOPLIST_KEY_UIApplicationSupportsIndirectInputEvents = YES;
				INFOPLIST_KEY_UILaunchStoryboardName = LaunchScreen;
				INFOPLIST_KEY_UIMainStoryboardFile = Main;
				INFOPLIST_KEY_UISupportedInterfaceOrientations_iPad = "UIInterfaceOrientationPortrait UIInterfaceOrientationPortraitUpsideDown UIInterfaceOrientationLandscapeLeft UIInterfaceOrientationLandscapeRight";
				INFOPLIST_KEY_UISupportedInterfaceOrientations_iPhone = "UIInterfaceOrientationPortrait UIInterfaceOrientationLandscapeLeft UIInterfaceOrientationLandscapeRight";
				LD_RUNPATH_SEARCH_PATHS = (
					"$(inherited)",
					"@executable_path/Frameworks",
				);
				MARKETING_VERSION = 1.0;
				PRODUCT_BUNDLE_IDENTIFIER = utcs.Petpanion;
				PRODUCT_NAME = "$(TARGET_NAME)";
				SWIFT_EMIT_LOC_STRINGS = YES;
				SWIFT_VERSION = 5.0;
				TARGETED_DEVICE_FAMILY = "1,2";
			};
			name = Debug;
		};
		8A0684E92CA734BB00730264 /* Release */ = {
			isa = XCBuildConfiguration;
			buildSettings = {
				ASSETCATALOG_COMPILER_APPICON_NAME = AppIcon;
				ASSETCATALOG_COMPILER_GLOBAL_ACCENT_COLOR_NAME = AccentColor;
				CODE_SIGN_STYLE = Automatic;
				CURRENT_PROJECT_VERSION = 1;
				DEVELOPMENT_TEAM = 95RN3XBQJV;
				"DYLIB_COMPATIBILITY_VERSION[arch=*]" = "";
				GENERATE_INFOPLIST_FILE = YES;
				INFOPLIST_FILE = Petpanion/Info.plist;
				INFOPLIST_KEY_UIApplicationSupportsIndirectInputEvents = YES;
				INFOPLIST_KEY_UILaunchStoryboardName = LaunchScreen;
				INFOPLIST_KEY_UIMainStoryboardFile = Main;
				INFOPLIST_KEY_UISupportedInterfaceOrientations_iPad = "UIInterfaceOrientationPortrait UIInterfaceOrientationPortraitUpsideDown UIInterfaceOrientationLandscapeLeft UIInterfaceOrientationLandscapeRight";
				INFOPLIST_KEY_UISupportedInterfaceOrientations_iPhone = "UIInterfaceOrientationPortrait UIInterfaceOrientationLandscapeLeft UIInterfaceOrientationLandscapeRight";
				LD_RUNPATH_SEARCH_PATHS = (
					"$(inherited)",
					"@executable_path/Frameworks",
				);
				MARKETING_VERSION = 1.0;
				PRODUCT_BUNDLE_IDENTIFIER = utcs.Petpanion;
				PRODUCT_NAME = "$(TARGET_NAME)";
				SWIFT_EMIT_LOC_STRINGS = YES;
				SWIFT_VERSION = 5.0;
				TARGETED_DEVICE_FAMILY = "1,2";
			};
			name = Release;
		};
/* End XCBuildConfiguration section */

/* Begin XCConfigurationList section */
		8A0684CE2CA734B700730264 /* Build configuration list for PBXProject "Petpanion" */ = {
			isa = XCConfigurationList;
			buildConfigurations = (
				8A0684E52CA734BB00730264 /* Debug */,
				8A0684E62CA734BB00730264 /* Release */,
			);
			defaultConfigurationIsVisible = 0;
			defaultConfigurationName = Release;
		};
		8A0684E72CA734BB00730264 /* Build configuration list for PBXNativeTarget "Petpanion" */ = {
			isa = XCConfigurationList;
			buildConfigurations = (
				8A0684E82CA734BB00730264 /* Debug */,
				8A0684E92CA734BB00730264 /* Release */,
			);
			defaultConfigurationIsVisible = 0;
			defaultConfigurationName = Release;
		};
/* End XCConfigurationList section */

/* Begin XCRemoteSwiftPackageReference section */
		7852F5A02CC70929002843FA /* XCRemoteSwiftPackageReference "firebase-ios-sdk" */ = {
			isa = XCRemoteSwiftPackageReference;
			repositoryURL = "https://github.com/firebase/firebase-ios-sdk";
			requirement = {
				kind = upToNextMajorVersion;
				minimumVersion = 11.4.0;
			};
		};
/* End XCRemoteSwiftPackageReference section */

/* Begin XCSwiftPackageProductDependency section */
		7852F5A12CC70929002843FA /* FirebaseAuth */ = {
			isa = XCSwiftPackageProductDependency;
			package = 7852F5A02CC70929002843FA /* XCRemoteSwiftPackageReference "firebase-ios-sdk" */;
			productName = FirebaseAuth;
		};
/* End XCSwiftPackageProductDependency section */
	};
	rootObject = 8A0684CB2CA734B700730264 /* Project object */;
}
